
Microsoft Visual Studio Solution File, Format Version 12.00
# Visual Studio Version 17
VisualStudioVersion = 17.4.33103.184
MinimumVisualStudioVersion = 10.0.40219.1
Project("{9A19103F-16F7-4668-BE54-9A1E7A4F7556}") = "HTF22_2", "HTF22_2\HTF22_2.csproj", "{07E15BD5-C481-4ECC-AFE5-A8D20809554D}"
EndProject
Project("{9A19103F-16F7-4668-BE54-9A1E7A4F7556}") = "HTF22_1", "HTF22_1\HTF22_1.csproj", "{D5DAA2D9-CA23-43A5-8834-F088B434A390}"
EndProject
Global
	GlobalSection(SolutionConfigurationPlatforms) = preSolution
		Debug|Any CPU = Debug|Any CPU
		Release|Any CPU = Release|Any CPU
	EndGlobalSection
	GlobalSection(ProjectConfigurationPlatforms) = postSolution
		{07E15BD5-C481-4ECC-AFE5-A8D20809554D}.Debug|Any CPU.ActiveCfg = Debug|Any CPU
		{07E15BD5-C481-4ECC-AFE5-A8D20809554D}.Debug|Any CPU.Build.0 = Debug|Any CPU
		{07E15BD5-C481-4ECC-AFE5-A8D20809554D}.Release|Any CPU.ActiveCfg = Release|Any CPU
		{07E15BD5-C481-4ECC-AFE5-A8D20809554D}.Release|Any CPU.Build.0 = Release|Any CPU
		{D5DAA2D9-CA23-43A5-8834-F088B434A390}.Debug|Any CPU.ActiveCfg = Debug|Any CPU
		{D5DAA2D9-CA23-43A5-8834-F088B434A390}.Debug|Any CPU.Build.0 = Debug|Any CPU
		{D5DAA2D9-CA23-43A5-8834-F088B434A390}.Release|Any CPU.ActiveCfg = Release|Any CPU
		{D5DAA2D9-CA23-43A5-8834-F088B434A390}.Release|Any CPU.Build.0 = Release|Any CPU
	EndGlobalSection
	GlobalSection(SolutionProperties) = preSolution
		HideSolutionNode = FALSE
	EndGlobalSection
	GlobalSection(ExtensibilityGlobals) = postSolution
		SolutionGuid = {B091EA5F-40FE-4F08-89AE-D84666AA7ED0}
	EndGlobalSection
EndGlobal
